
Microsoft Visual Studio Solution File, Format Version 12.00
# Visual Studio Version 17
VisualStudioVersion = 17.0.31903.59
MinimumVisualStudioVersion = 10.0.40219.1
Project("{2150E333-8FDC-42A3-9474-1A3956D46DE8}") = "Document", "Document", "{38B190F6-2C84-4214-B9BA-1A5DE5F83D0B}"
EndProject
Project("{2150E333-8FDC-42A3-9474-1A3956D46DE8}") = "Source", "Source", "{9C8566D1-11B0-41F7-80DE-58C5DE872D7C}"
EndProject
Project("{2150E333-8FDC-42A3-9474-1A3956D46DE8}") = "Test", "Test", "{FA193178-65D3-4A08-8CA1-E5FF6538EEB3}"
EndProject
Project("{2150E333-8FDC-42A3-9474-1A3956D46DE8}") = "Core", "Core", "{0433C2ED-C147-48A3-964A-C6A69675CE9B}"
EndProject
Project("{2150E333-8FDC-42A3-9474-1A3956D46DE8}") = "Common", "Common", "{8F63E15F-AA73-4E8A-A402-F7333817182C}"
EndProject
Project("{2150E333-8FDC-42A3-9474-1A3956D46DE8}") = "Infrastructure", "Infrastructure", "{B2B03466-BD65-4AA3-A308-065519A0B32D}"
EndProject
Project("{2150E333-8FDC-42A3-9474-1A3956D46DE8}") = "Presentation", "Presentation", "{37171867-10A6-44B0-887D-B2B116CB844A}"
EndProject
Project("{FAE04EC0-301F-11D3-BF4B-00C04F79EFBC}") = "EStor.Domain", "EStor.Domain\EStor.Domain.csproj", "{BB37FE9B-874C-4233-BF31-52BFF3E5A98B}"
EndProject
Project("{FAE04EC0-301F-11D3-BF4B-00C04F79EFBC}") = "EStor.Application", "EStor.Application\EStor.Application.csproj", "{E89764DE-EE85-40BE-8E2F-8C716678A537}"
EndProject
Project("{FAE04EC0-301F-11D3-BF4B-00C04F79EFBC}") = "EStor.Infrastructure", "EStor.Infrastructure\EStor.Infrastructure.csproj", "{55BE2693-6B51-4924-875F-D73C3E2BC1F5}"
EndProject
Project("{FAE04EC0-301F-11D3-BF4B-00C04F79EFBC}") = "EStor.Persistence", "EStor.Persistence\EStor.Persistence.csproj", "{782C2586-C59E-478C-BE74-D13DB2DB299C}"
EndProject
Project("{FAE04EC0-301F-11D3-BF4B-00C04F79EFBC}") = "EStor.CommonUtility", "EStor.CommonUtility\EStor.CommonUtility.csproj", "{0775476D-B6A4-44FE-AA18-79095049BA5E}"
EndProject
Project("{FAE04EC0-301F-11D3-BF4B-00C04F79EFBC}") = "EndPoint.MVCWebApplicationUI", "EndPoint.MVCWebApplicationUI\EndPoint.MVCWebApplicationUI.csproj", "{84648B76-9A1E-4179-A5BA-5E98298C97FC}"
EndProject
Global
	GlobalSection(SolutionConfigurationPlatforms) = preSolution
		Debug|Any CPU = Debug|Any CPU
		Release|Any CPU = Release|Any CPU
	EndGlobalSection
	GlobalSection(ProjectConfigurationPlatforms) = postSolution
		{BB37FE9B-874C-4233-BF31-52BFF3E5A98B}.Debug|Any CPU.ActiveCfg = Debug|Any CPU
		{BB37FE9B-874C-4233-BF31-52BFF3E5A98B}.Debug|Any CPU.Build.0 = Debug|Any CPU
		{BB37FE9B-874C-4233-BF31-52BFF3E5A98B}.Release|Any CPU.ActiveCfg = Release|Any CPU
		{BB37FE9B-874C-4233-BF31-52BFF3E5A98B}.Release|Any CPU.Build.0 = Release|Any CPU
		{E89764DE-EE85-40BE-8E2F-8C716678A537}.Debug|Any CPU.ActiveCfg = Debug|Any CPU
		{E89764DE-EE85-40BE-8E2F-8C716678A537}.Debug|Any CPU.Build.0 = Debug|Any CPU
		{E89764DE-EE85-40BE-8E2F-8C716678A537}.Release|Any CPU.ActiveCfg = Release|Any CPU
		{E89764DE-EE85-40BE-8E2F-8C716678A537}.Release|Any CPU.Build.0 = Release|Any CPU
		{55BE2693-6B51-4924-875F-D73C3E2BC1F5}.Debug|Any CPU.ActiveCfg = Debug|Any CPU
		{55BE2693-6B51-4924-875F-D73C3E2BC1F5}.Debug|Any CPU.Build.0 = Debug|Any CPU
		{55BE2693-6B51-4924-875F-D73C3E2BC1F5}.Release|Any CPU.ActiveCfg = Release|Any CPU
		{55BE2693-6B51-4924-875F-D73C3E2BC1F5}.Release|Any CPU.Build.0 = Release|Any CPU
		{782C2586-C59E-478C-BE74-D13DB2DB299C}.Debug|Any CPU.ActiveCfg = Debug|Any CPU
		{782C2586-C59E-478C-BE74-D13DB2DB299C}.Debug|Any CPU.Build.0 = Debug|Any CPU
		{782C2586-C59E-478C-BE74-D13DB2DB299C}.Release|Any CPU.ActiveCfg = Release|Any CPU
		{782C2586-C59E-478C-BE74-D13DB2DB299C}.Release|Any CPU.Build.0 = Release|Any CPU
		{0775476D-B6A4-44FE-AA18-79095049BA5E}.Debug|Any CPU.ActiveCfg = Debug|Any CPU
		{0775476D-B6A4-44FE-AA18-79095049BA5E}.Debug|Any CPU.Build.0 = Debug|Any CPU
		{0775476D-B6A4-44FE-AA18-79095049BA5E}.Release|Any CPU.ActiveCfg = Release|Any CPU
		{0775476D-B6A4-44FE-AA18-79095049BA5E}.Release|Any CPU.Build.0 = Release|Any CPU
		{84648B76-9A1E-4179-A5BA-5E98298C97FC}.Debug|Any CPU.ActiveCfg = Debug|Any CPU
		{84648B76-9A1E-4179-A5BA-5E98298C97FC}.Debug|Any CPU.Build.0 = Debug|Any CPU
		{84648B76-9A1E-4179-A5BA-5E98298C97FC}.Release|Any CPU.ActiveCfg = Release|Any CPU
		{84648B76-9A1E-4179-A5BA-5E98298C97FC}.Release|Any CPU.Build.0 = Release|Any CPU
	EndGlobalSection
	GlobalSection(SolutionProperties) = preSolution
		HideSolutionNode = FALSE
	EndGlobalSection
	GlobalSection(NestedProjects) = preSolution
		{0433C2ED-C147-48A3-964A-C6A69675CE9B} = {9C8566D1-11B0-41F7-80DE-58C5DE872D7C}
		{8F63E15F-AA73-4E8A-A402-F7333817182C} = {9C8566D1-11B0-41F7-80DE-58C5DE872D7C}
		{B2B03466-BD65-4AA3-A308-065519A0B32D} = {9C8566D1-11B0-41F7-80DE-58C5DE872D7C}
		{37171867-10A6-44B0-887D-B2B116CB844A} = {9C8566D1-11B0-41F7-80DE-58C5DE872D7C}
		{BB37FE9B-874C-4233-BF31-52BFF3E5A98B} = {0433C2ED-C147-48A3-964A-C6A69675CE9B}
		{E89764DE-EE85-40BE-8E2F-8C716678A537} = {0433C2ED-C147-48A3-964A-C6A69675CE9B}
		{55BE2693-6B51-4924-875F-D73C3E2BC1F5} = {B2B03466-BD65-4AA3-A308-065519A0B32D}
		{782C2586-C59E-478C-BE74-D13DB2DB299C} = {B2B03466-BD65-4AA3-A308-065519A0B32D}
		{0775476D-B6A4-44FE-AA18-79095049BA5E} = {8F63E15F-AA73-4E8A-A402-F7333817182C}
		{84648B76-9A1E-4179-A5BA-5E98298C97FC} = {37171867-10A6-44B0-887D-B2B116CB844A}
	EndGlobalSection
	GlobalSection(ExtensibilityGlobals) = postSolution
		SolutionGuid = {64188A17-6148-405A-94F8-B86DE42F049F}
	EndGlobalSection
EndGlobal
